
Microsoft Visual Studio Solution File, Format Version 12.00
# Visual Studio Version 17
VisualStudioVersion = 17.5.33424.131
MinimumVisualStudioVersion = 10.0.40219.1
Project("{FAE04EC0-301F-11D3-BF4B-00C04F79EFBC}") = "FizzBuzzWeb", "FizzBuzzWeb.csproj", "{37CAA402-A47C-4A4A-A111-30B5E4492F89}"
EndProject
Global
	GlobalSection(SolutionConfigurationPlatforms) = preSolution
		Debug|Any CPU = Debug|Any CPU
		Release|Any CPU = Release|Any CPU
	EndGlobalSection
	GlobalSection(ProjectConfigurationPlatforms) = postSolution
		{37CAA402-A47C-4A4A-A111-30B5E4492F89}.Debug|Any CPU.ActiveCfg = Debug|Any CPU
		{37CAA402-A47C-4A4A-A111-30B5E4492F89}.Debug|Any CPU.Build.0 = Debug|Any CPU
		{37CAA402-A47C-4A4A-A111-30B5E4492F89}.Release|Any CPU.ActiveCfg = Release|Any CPU
		{37CAA402-A47C-4A4A-A111-30B5E4492F89}.Release|Any CPU.Build.0 = Release|Any CPU
	EndGlobalSection
	GlobalSection(SolutionProperties) = preSolution
		HideSolutionNode = FALSE
	EndGlobalSection
	GlobalSection(ExtensibilityGlobals) = postSolution
		SolutionGuid = {213F6128-FEA6-4EDB-BBF1-4D1CBE0D72EC}
	EndGlobalSection
EndGlobal
